
Microsoft Visual Studio Solution File, Format Version 12.00
# Visual Studio Version 17
VisualStudioVersion = 17.0.31612.314
MinimumVisualStudioVersion = 10.0.40219.1
Project("{9A19103F-16F7-4668-BE54-9A1E7A4F7556}") = "Betabit.ADT.Simulator", "Betabit.ADT.Generator\Betabit.ADT.Simulator.csproj", "{3C2AF470-2335-4FE8-A3DD-6F4CB677F2EA}"
EndProject
Project("{FAE04EC0-301F-11D3-BF4B-00C04F79EFBC}") = "Betabit.ADT.TwinCreation", "Betabit.ADT.TwinCreation\Betabit.ADT.TwinCreation.csproj", "{B9358034-9E36-4724-9B8D-5FC1F280A625}"
EndProject
Global
	GlobalSection(SolutionConfigurationPlatforms) = preSolution
		Debug|Any CPU = Debug|Any CPU
		Release|Any CPU = Release|Any CPU
	EndGlobalSection
	GlobalSection(ProjectConfigurationPlatforms) = postSolution
		{3C2AF470-2335-4FE8-A3DD-6F4CB677F2EA}.Debug|Any CPU.ActiveCfg = Debug|Any CPU
		{3C2AF470-2335-4FE8-A3DD-6F4CB677F2EA}.Debug|Any CPU.Build.0 = Debug|Any CPU
		{3C2AF470-2335-4FE8-A3DD-6F4CB677F2EA}.Release|Any CPU.ActiveCfg = Release|Any CPU
		{3C2AF470-2335-4FE8-A3DD-6F4CB677F2EA}.Release|Any CPU.Build.0 = Release|Any CPU
		{B9358034-9E36-4724-9B8D-5FC1F280A625}.Debug|Any CPU.ActiveCfg = Debug|Any CPU
		{B9358034-9E36-4724-9B8D-5FC1F280A625}.Debug|Any CPU.Build.0 = Debug|Any CPU
		{B9358034-9E36-4724-9B8D-5FC1F280A625}.Release|Any CPU.ActiveCfg = Release|Any CPU
		{B9358034-9E36-4724-9B8D-5FC1F280A625}.Release|Any CPU.Build.0 = Release|Any CPU
	EndGlobalSection
	GlobalSection(SolutionProperties) = preSolution
		HideSolutionNode = FALSE
	EndGlobalSection
	GlobalSection(ExtensibilityGlobals) = postSolution
		SolutionGuid = {51555E1C-4A62-437A-A140-C187F2BEE855}
	EndGlobalSection
EndGlobal
